// !$*UTF8*$!
{
	archiveVersion = 1;
	classes = {
	};
	objectVersion = 77;
	objects = {

/* Begin PBXContainerItemProxy section */
		A1B539D72DB7E9F7002A2115 /* PBXContainerItemProxy */ = {
			isa = PBXContainerItemProxy;
			containerPortal = A1B539C12DB7E9F5002A2115 /* Project object */;
			proxyType = 1;
			remoteGlobalIDString = A1B539C82DB7E9F5002A2115;
			remoteInfo = ColorPop;
		};
		A1B539E12DB7E9F7002A2115 /* PBXContainerItemProxy */ = {
			isa = PBXContainerItemProxy;
			containerPortal = A1B539C12DB7E9F5002A2115 /* Project object */;
			proxyType = 1;
			remoteGlobalIDString = A1B539C82DB7E9F5002A2115;
			remoteInfo = ColorPop;
		};
/* End PBXContainerItemProxy section */

/* Begin PBXFileReference section */
		A1B539C92DB7E9F5002A2115 /* ColorPop.app */ = {isa = PBXFileReference; explicitFileType = wrapper.application; includeInIndex = 0; path = ColorPop.app; sourceTree = BUILT_PRODUCTS_DIR; };
		A1B539D62DB7E9F7002A2115 /* ColorPopTests.xctest */ = {isa = PBXFileReference; explicitFileType = wrapper.cfbundle; includeInIndex = 0; path = ColorPopTests.xctest; sourceTree = BUILT_PRODUCTS_DIR; };
		A1B539E02DB7E9F7002A2115 /* ColorPopUITests.xctest */ = {isa = PBXFileReference; explicitFileType = wrapper.cfbundle; includeInIndex = 0; path = ColorPopUITests.xctest; sourceTree = BUILT_PRODUCTS_DIR; };
/* End PBXFileReference section */

/* Begin PBXFileSystemSynchronizedRootGroup section */
		A1B539CB2DB7E9F5002A2115 /* ColorPop */ = {
			isa = PBXFileSystemSynchronizedRootGroup;
			path = ColorPop;
			sourceTree = "<group>";
		};
		A1B539D92DB7E9F7002A2115 /* ColorPopTests */ = {
			isa = PBXFileSystemSynchronizedRootGroup;
			path = ColorPopTests;
			sourceTree = "<group>";
		};
		A1B539E32DB7E9F7002A2115 /* ColorPopUITests */ = {
			isa = PBXFileSystemSynchronizedRootGroup;
			path = ColorPopUITests;
			sourceTree = "<group>";
		};
/* End PBXFileSystemSynchronizedRootGroup section */

/* Begin PBXFrameworksBuildPhase section */
		A1B539C62DB7E9F5002A2115 /* Frameworks */ = {
			isa = PBXFrameworksBuildPhase;
			buildActionMask = 2147483647;
			files = (
			);
			runOnlyForDeploymentPostprocessing = 0;
		};
		A1B539D32DB7E9F7002A2115 /* Frameworks */ = {
			isa = PBXFrameworksBuildPhase;
			buildActionMask = 2147483647;
			files = (
			);
			runOnlyForDeploymentPostprocessing = 0;
		};
		A1B539DD2DB7E9F7002A2115 /* Frameworks */ = {
			isa = PBXFrameworksBuildPhase;
			buildActionMask = 2147483647;
			files = (
			);
			runOnlyForDeploymentPostprocessing = 0;
		};
/* End PBXFrameworksBuildPhase section */

/* Begin PBXGroup section */
		A1B539C02DB7E9F5002A2115 = {
			isa = PBXGroup;
			children = (
				A1B539CB2DB7E9F5002A2115 /* ColorPop */,
				A1B539D92DB7E9F7002A2115 /* ColorPopTests */,
				A1B539E32DB7E9F7002A2115 /* ColorPopUITests */,
				A1B539CA2DB7E9F5002A2115 /* Products */,
			);
			sourceTree = "<group>";
		};
		A1B539CA2DB7E9F5002A2115 /* Products */ = {
			isa = PBXGroup;
			children = (
				A1B539C92DB7E9F5002A2115 /* ColorPop.app */,
				A1B539D62DB7E9F7002A2115 /* ColorPopTests.xctest */,
				A1B539E02DB7E9F7002A2115 /* ColorPopUITests.xctest */,
			);
			name = Products;
			sourceTree = "<group>";
		};
/* End PBXGroup section */

/* Begin PBXNativeTarget section */
		A1B539C82DB7E9F5002A2115 /* ColorPop */ = {
			isa = PBXNativeTarget;
			buildConfigurationList = A1B539EA2DB7E9F7002A2115 /* Build configuration list for PBXNativeTarget "ColorPop" */;
			buildPhases = (
				A1B539C52DB7E9F5002A2115 /* Sources */,
				A1B539C62DB7E9F5002A2115 /* Frameworks */,
				A1B539C72DB7E9F5002A2115 /* Resources */,
			);
			buildRules = (
			);
			dependencies = (
			);
			fileSystemSynchronizedGroups = (
				A1B539CB2DB7E9F5002A2115 /* ColorPop */,
			);
			name = ColorPop;
			packageProductDependencies = (
			);
			productName = ColorPop;
			productReference = A1B539C92DB7E9F5002A2115 /* ColorPop.app */;
			productType = "com.apple.product-type.application";
		};
		A1B539D52DB7E9F7002A2115 /* ColorPopTests */ = {
			isa = PBXNativeTarget;
			buildConfigurationList = A1B539ED2DB7E9F7002A2115 /* Build configuration list for PBXNativeTarget "ColorPopTests" */;
			buildPhases = (
				A1B539D22DB7E9F7002A2115 /* Sources */,
				A1B539D32DB7E9F7002A2115 /* Frameworks */,
				A1B539D42DB7E9F7002A2115 /* Resources */,
			);
			buildRules = (
			);
			dependencies = (
				A1B539D82DB7E9F7002A2115 /* PBXTargetDependency */,
			);
			fileSystemSynchronizedGroups = (
				A1B539D92DB7E9F7002A2115 /* ColorPopTests */,
			);
			name = ColorPopTests;
			packageProductDependencies = (
			);
			productName = ColorPopTests;
			productReference = A1B539D62DB7E9F7002A2115 /* ColorPopTests.xctest */;
			productType = "com.apple.product-type.bundle.unit-test";
		};
		A1B539DF2DB7E9F7002A2115 /* ColorPopUITests */ = {
			isa = PBXNativeTarget;
			buildConfigurationList = A1B539F02DB7E9F7002A2115 /* Build configuration list for PBXNativeTarget "ColorPopUITests" */;
			buildPhases = (
				A1B539DC2DB7E9F7002A2115 /* Sources */,
				A1B539DD2DB7E9F7002A2115 /* Frameworks */,
				A1B539DE2DB7E9F7002A2115 /* Resources */,
			);
			buildRules = (
			);
			dependencies = (
				A1B539E22DB7E9F7002A2115 /* PBXTargetDependency */,
			);
			fileSystemSynchronizedGroups = (
				A1B539E32DB7E9F7002A2115 /* ColorPopUITests */,
			);
			name = ColorPopUITests;
			packageProductDependencies = (
			);
			productName = ColorPopUITests;
			productReference = A1B539E02DB7E9F7002A2115 /* ColorPopUITests.xctest */;
			productType = "com.apple.product-type.bundle.ui-testing";
		};
/* End PBXNativeTarget section */

/* Begin PBXProject section */
		A1B539C12DB7E9F5002A2115 /* Project object */ = {
			isa = PBXProject;
			attributes = {
				BuildIndependentTargetsInParallel = 1;
				LastSwiftUpdateCheck = 1630;
				LastUpgradeCheck = 1630;
				TargetAttributes = {
					A1B539C82DB7E9F5002A2115 = {
						CreatedOnToolsVersion = 16.3;
					};
					A1B539D52DB7E9F7002A2115 = {
						CreatedOnToolsVersion = 16.3;
						TestTargetID = A1B539C82DB7E9F5002A2115;
					};
					A1B539DF2DB7E9F7002A2115 = {
						CreatedOnToolsVersion = 16.3;
						TestTargetID = A1B539C82DB7E9F5002A2115;
					};
				};
			};
			buildConfigurationList = A1B539C42DB7E9F5002A2115 /* Build configuration list for PBXProject "ColorPop" */;
			developmentRegion = en;
			hasScannedForEncodings = 0;
			knownRegions = (
				en,
				Base,
			);
			mainGroup = A1B539C02DB7E9F5002A2115;
			minimizedProjectReferenceProxies = 1;
			preferredProjectObjectVersion = 77;
			productRefGroup = A1B539CA2DB7E9F5002A2115 /* Products */;
			projectDirPath = "";
			projectRoot = "";
			targets = (
				A1B539C82DB7E9F5002A2115 /* ColorPop */,
				A1B539D52DB7E9F7002A2115 /* ColorPopTests */,
				A1B539DF2DB7E9F7002A2115 /* ColorPopUITests */,
			);
		};
/* End PBXProject section */

/* Begin PBXResourcesBuildPhase section */
		A1B539C72DB7E9F5002A2115 /* Resources */ = {
			isa = PBXResourcesBuildPhase;
			buildActionMask = 2147483647;
			files = (
			);
			runOnlyForDeploymentPostprocessing = 0;
		};
		A1B539D42DB7E9F7002A2115 /* Resources */ = {
			isa = PBXResourcesBuildPhase;
			buildActionMask = 2147483647;
			files = (
			);
			runOnlyForDeploymentPostprocessing = 0;
		};
		A1B539DE2DB7E9F7002A2115 /* Resources */ = {
			isa = PBXResourcesBuildPhase;
			buildActionMask = 2147483647;
			files = (
			);
			runOnlyForDeploymentPostprocessing = 0;
		};
/* End PBXResourcesBuildPhase section */

/* Begin PBXSourcesBuildPhase section */
		A1B539C52DB7E9F5002A2115 /* Sources */ = {
			isa = PBXSourcesBuildPhase;
			buildActionMask = 2147483647;
			files = (
			);
			runOnlyForDeploymentPostprocessing = 0;
		};
		A1B539D22DB7E9F7002A2115 /* Sources */ = {
			isa = PBXSourcesBuildPhase;
			buildActionMask = 2147483647;
			files = (
			);
			runOnlyForDeploymentPostprocessing = 0;
		};
		A1B539DC2DB7E9F7002A2115 /* Sources */ = {
			isa = PBXSourcesBuildPhase;
			buildActionMask = 2147483647;
			files = (
			);
			runOnlyForDeploymentPostprocessing = 0;
		};
/* End PBXSourcesBuildPhase section */

/* Begin PBXTargetDependency section */
		A1B539D82DB7E9F7002A2115 /* PBXTargetDependency */ = {
			isa = PBXTargetDependency;
			target = A1B539C82DB7E9F5002A2115 /* ColorPop */;
			targetProxy = A1B539D72DB7E9F7002A2115 /* PBXContainerItemProxy */;
		};
		A1B539E22DB7E9F7002A2115 /* PBXTargetDependency */ = {
			isa = PBXTargetDependency;
			target = A1B539C82DB7E9F5002A2115 /* ColorPop */;
			targetProxy = A1B539E12DB7E9F7002A2115 /* PBXContainerItemProxy */;
		};
/* End PBXTargetDependency section */

/* Begin XCBuildConfiguration section */
		A1B539E82DB7E9F7002A2115 /* Debug */ = {
			isa = XCBuildConfiguration;
			buildSettings = {
				ALWAYS_SEARCH_USER_PATHS = NO;
				ASSETCATALOG_COMPILER_GENERATE_SWIFT_ASSET_SYMBOL_EXTENSIONS = YES;
				CLANG_ANALYZER_NONNULL = YES;
				CLANG_ANALYZER_NUMBER_OBJECT_CONVERSION = YES_AGGRESSIVE;
				CLANG_CXX_LANGUAGE_STANDARD = "gnu++20";
				CLANG_ENABLE_MODULES = YES;
				CLANG_ENABLE_OBJC_ARC = YES;
				CLANG_ENABLE_OBJC_WEAK = YES;
				CLANG_WARN_BLOCK_CAPTURE_AUTORELEASING = YES;
				CLANG_WARN_BOOL_CONVERSION = YES;
				CLANG_WARN_COMMA = YES;
				CLANG_WARN_CONSTANT_CONVERSION = YES;
				CLANG_WARN_DEPRECATED_OBJC_IMPLEMENTATIONS = YES;
				CLANG_WARN_DIRECT_OBJC_ISA_USAGE = YES_ERROR;
				CLANG_WARN_DOCUMENTATION_COMMENTS = YES;
				CLANG_WARN_EMPTY_BODY = YES;
				CLANG_WARN_ENUM_CONVERSION = YES;
				CLANG_WARN_INFINITE_RECURSION = YES;
				CLANG_WARN_INT_CONVERSION = YES;
				CLANG_WARN_NON_LITERAL_NULL_CONVERSION = YES;
				CLANG_WARN_OBJC_IMPLICIT_RETAIN_SELF = YES;
				CLANG_WARN_OBJC_LITERAL_CONVERSION = YES;
				CLANG_WARN_OBJC_ROOT_CLASS = YES_ERROR;
				CLANG_WARN_QUOTED_INCLUDE_IN_FRAMEWORK_HEADER = YES;
				CLANG_WARN_RANGE_LOOP_ANALYSIS = YES;
				CLANG_WARN_STRICT_PROTOTYPES = YES;
				CLANG_WARN_SUSPICIOUS_MOVE = YES;
				CLANG_WARN_UNGUARDED_AVAILABILITY = YES_AGGRESSIVE;
				CLANG_WARN_UNREACHABLE_CODE = YES;
				CLANG_WARN__DUPLICATE_METHOD_MATCH = YES;
				COPY_PHASE_STRIP = NO;
				DEBUG_INFORMATION_FORMAT = dwarf;
				ENABLE_STRICT_OBJC_MSGSEND = YES;
				ENABLE_TESTABILITY = YES;
				ENABLE_USER_SCRIPT_SANDBOXING = YES;
				GCC_C_LANGUAGE_STANDARD = gnu17;
				GCC_DYNAMIC_NO_PIC = NO;
				GCC_NO_COMMON_BLOCKS = YES;
				GCC_OPTIMIZATION_LEVEL = 0;
				GCC_PREPROCESSOR_DEFINITIONS = (
					"DEBUG=1",
					"$(inherited)",
				);
				GCC_WARN_64_TO_32_BIT_CONVERSION = YES;
				GCC_WARN_ABOUT_RETURN_TYPE = YES_ERROR;
				GCC_WARN_UNDECLARED_SELECTOR = YES;
				GCC_WARN_UNINITIALIZED_AUTOS = YES_AGGRESSIVE;
				GCC_WARN_UNUSED_FUNCTION = YES;
				GCC_WARN_UNUSED_VARIABLE = YES;
				IPHONEOS_DEPLOYMENT_TARGET = 18.4;
				LOCALIZATION_PREFERS_STRING_CATALOGS = YES;
				MTL_ENABLE_DEBUG_INFO = INCLUDE_SOURCE;
				MTL_FAST_MATH = YES;
				ONLY_ACTIVE_ARCH = YES;
				SDKROOT = iphoneos;
				SWIFT_ACTIVE_COMPILATION_CONDITIONS = "DEBUG $(inherited)";
				SWIFT_OPTIMIZATION_LEVEL = "-Onone";
			};
			name = Debug;
		};
		A1B539E92DB7E9F7002A2115 /* Release */ = {
			isa = XCBuildConfiguration;
			buildSettings = {
				ALWAYS_SEARCH_USER_PATHS = NO;
				ASSETCATALOG_COMPILER_GENERATE_SWIFT_ASSET_SYMBOL_EXTENSIONS = YES;
				CLANG_ANALYZER_NONNULL = YES;
				CLANG_ANALYZER_NUMBER_OBJECT_CONVERSION = YES_AGGRESSIVE;
				CLANG_CXX_LANGUAGE_STANDARD = "gnu++20";
				CLANG_ENABLE_MODULES = YES;
				CLANG_ENABLE_OBJC_ARC = YES;
				CLANG_ENABLE_OBJC_WEAK = YES;
				CLANG_WARN_BLOCK_CAPTURE_AUTORELEASING = YES;
				CLANG_WARN_BOOL_CONVERSION = YES;
				CLANG_WARN_COMMA = YES;
				CLANG_WARN_CONSTANT_CONVERSION = YES;
				CLANG_WARN_DEPRECATED_OBJC_IMPLEMENTATIONS = YES;
				CLANG_WARN_DIRECT_OBJC_ISA_USAGE = YES_ERROR;
				CLANG_WARN_DOCUMENTATION_COMMENTS = YES;
				CLANG_WARN_EMPTY_BODY = YES;
				CLANG_WARN_ENUM_CONVERSION = YES;
				CLANG_WARN_INFINITE_RECURSION = YES;
				CLANG_WARN_INT_CONVERSION = YES;
				CLANG_WARN_NON_LITERAL_NULL_CONVERSION = YES;
				CLANG_WARN_OBJC_IMPLICIT_RETAIN_SELF = YES;
				CLANG_WARN_OBJC_LITERAL_CONVERSION = YES;
				CLANG_WARN_OBJC_ROOT_CLASS = YES_ERROR;
				CLANG_WARN_QUOTED_INCLUDE_IN_FRAMEWORK_HEADER = YES;
				CLANG_WARN_RANGE_LOOP_ANALYSIS = YES;
				CLANG_WARN_STRICT_PROTOTYPES = YES;
				CLANG_WARN_SUSPICIOUS_MOVE = YES;
				CLANG_WARN_UNGUARDED_AVAILABILITY = YES_AGGRESSIVE;
				CLANG_WARN_UNREACHABLE_CODE = YES;
				CLANG_WARN__DUPLICATE_METHOD_MATCH = YES;
				COPY_PHASE_STRIP = NO;
				DEBUG_INFORMATION_FORMAT = "dwarf-with-dsym";
				ENABLE_NS_ASSERTIONS = NO;
				ENABLE_STRICT_OBJC_MSGSEND = YES;
				ENABLE_USER_SCRIPT_SANDBOXING = YES;
				GCC_C_LANGUAGE_STANDARD = gnu17;
				GCC_NO_COMMON_BLOCKS = YES;
				GCC_WARN_64_TO_32_BIT_CONVERSION = YES;
				GCC_WARN_ABOUT_RETURN_TYPE = YES_ERROR;
				GCC_WARN_UNDECLARED_SELECTOR = YES;
				GCC_WARN_UNINITIALIZED_AUTOS = YES_AGGRESSIVE;
				GCC_WARN_UNUSED_FUNCTION = YES;
				GCC_WARN_UNUSED_VARIABLE = YES;
				IPHONEOS_DEPLOYMENT_TARGET = 18.4;
				LOCALIZATION_PREFERS_STRING_CATALOGS = YES;
				MTL_ENABLE_DEBUG_INFO = NO;
				MTL_FAST_MATH = YES;
				SDKROOT = iphoneos;
				SWIFT_COMPILATION_MODE = wholemodule;
				VALIDATE_PRODUCT = YES;
			};
			name = Release;
		};
		A1B539EB2DB7E9F7002A2115 /* Debug */ = {
			isa = XCBuildConfiguration;
			buildSettings = {
				ASSETCATALOG_COMPILER_APPICON_NAME = AppIcon;
				ASSETCATALOG_COMPILER_GLOBAL_ACCENT_COLOR_NAME = AccentColor;
				CODE_SIGN_STYLE = Automatic;
				CURRENT_PROJECT_VERSION = 1;
				ENABLE_PREVIEWS = YES;
				GENERATE_INFOPLIST_FILE = YES;
				INFOPLIST_KEY_UIApplicationSceneManifest_Generation = YES;
				INFOPLIST_KEY_UIApplicationSupportsIndirectInputEvents = YES;
				INFOPLIST_KEY_UILaunchScreen_Generation = YES;
				INFOPLIST_KEY_UISupportedInterfaceOrientations_iPad = "UIInterfaceOrientationPortrait UIInterfaceOrientationPortraitUpsideDown UIInterfaceOrientationLandscapeLeft UIInterfaceOrientationLandscapeRight";
				INFOPLIST_KEY_UISupportedInterfaceOrientations_iPhone = "UIInterfaceOrientationPortrait UIInterfaceOrientationLandscapeLeft UIInterfaceOrientationLandscapeRight";
				LD_RUNPATH_SEARCH_PATHS = (
					"$(inherited)",
					"@executable_path/Frameworks",
				);
				MARKETING_VERSION = 1.0;
				PRODUCT_BUNDLE_IDENTIFIER = "App-Team.ColorPop";
				PRODUCT_NAME = "$(TARGET_NAME)";
				SWIFT_EMIT_LOC_STRINGS = YES;
				SWIFT_VERSION = 5.0;
				TARGETED_DEVICE_FAMILY = "1,2";
			};
			name = Debug;
		};
		A1B539EC2DB7E9F7002A2115 /* Release */ = {
			isa = XCBuildConfiguration;
			buildSettings = {
				ASSETCATALOG_COMPILER_APPICON_NAME = AppIcon;
				ASSETCATALOG_COMPILER_GLOBAL_ACCENT_COLOR_NAME = AccentColor;
				CODE_SIGN_STYLE = Automatic;
				CURRENT_PROJECT_VERSION = 1;
				ENABLE_PREVIEWS = YES;
				GENERATE_INFOPLIST_FILE = YES;
				INFOPLIST_KEY_UIApplicationSceneManifest_Generation = YES;
				INFOPLIST_KEY_UIApplicationSupportsIndirectInputEvents = YES;
				INFOPLIST_KEY_UILaunchScreen_Generation = YES;
				INFOPLIST_KEY_UISupportedInterfaceOrientations_iPad = "UIInterfaceOrientationPortrait UIInterfaceOrientationPortraitUpsideDown UIInterfaceOrientationLandscapeLeft UIInterfaceOrientationLandscapeRight";
				INFOPLIST_KEY_UISupportedInterfaceOrientations_iPhone = "UIInterfaceOrientationPortrait UIInterfaceOrientationLandscapeLeft UIInterfaceOrientationLandscapeRight";
				LD_RUNPATH_SEARCH_PATHS = (
					"$(inherited)",
					"@executable_path/Frameworks",
				);
				MARKETING_VERSION = 1.0;
				PRODUCT_BUNDLE_IDENTIFIER = "App-Team.ColorPop";
				PRODUCT_NAME = "$(TARGET_NAME)";
				SWIFT_EMIT_LOC_STRINGS = YES;
				SWIFT_VERSION = 5.0;
				TARGETED_DEVICE_FAMILY = "1,2";
			};
			name = Release;
		};
		A1B539EE2DB7E9F7002A2115 /* Debug */ = {
			isa = XCBuildConfiguration;
			buildSettings = {
				BUNDLE_LOADER = "$(TEST_HOST)";
				CODE_SIGN_STYLE = Automatic;
				CURRENT_PROJECT_VERSION = 1;
				GENERATE_INFOPLIST_FILE = YES;
				IPHONEOS_DEPLOYMENT_TARGET = 18.4;
				MARKETING_VERSION = 1.0;
				PRODUCT_BUNDLE_IDENTIFIER = "App-Team.ColorPopTests";
				PRODUCT_NAME = "$(TARGET_NAME)";
				SWIFT_EMIT_LOC_STRINGS = NO;
				SWIFT_VERSION = 5.0;
				TARGETED_DEVICE_FAMILY = "1,2";
				TEST_HOST = "$(BUILT_PRODUCTS_DIR)/ColorPop.app/$(BUNDLE_EXECUTABLE_FOLDER_PATH)/ColorPop";
			};
			name = Debug;
		};
		A1B539EF2DB7E9F7002A2115 /* Release */ = {
			isa = XCBuildConfiguration;
			buildSettings = {
				BUNDLE_LOADER = "$(TEST_HOST)";
				CODE_SIGN_STYLE = Automatic;
				CURRENT_PROJECT_VERSION = 1;
				GENERATE_INFOPLIST_FILE = YES;
				IPHONEOS_DEPLOYMENT_TARGET = 18.4;
				MARKETING_VERSION = 1.0;
				PRODUCT_BUNDLE_IDENTIFIER = "App-Team.ColorPopTests";
				PRODUCT_NAME = "$(TARGET_NAME)";
				SWIFT_EMIT_LOC_STRINGS = NO;
				SWIFT_VERSION = 5.0;
				TARGETED_DEVICE_FAMILY = "1,2";
				TEST_HOST = "$(BUILT_PRODUCTS_DIR)/ColorPop.app/$(BUNDLE_EXECUTABLE_FOLDER_PATH)/ColorPop";
			};
			name = Release;
		};
		A1B539F12DB7E9F7002A2115 /* Debug */ = {
			isa = XCBuildConfiguration;
			buildSettings = {
				CODE_SIGN_STYLE = Automatic;
				CURRENT_PROJECT_VERSION = 1;
				GENERATE_INFOPLIST_FILE = YES;
				MARKETING_VERSION = 1.0;
				PRODUCT_BUNDLE_IDENTIFIER = "App-Team.ColorPopUITests";
				PRODUCT_NAME = "$(TARGET_NAME)";
				SWIFT_EMIT_LOC_STRINGS = NO;
				SWIFT_VERSION = 5.0;
				TARGETED_DEVICE_FAMILY = "1,2";
				TEST_TARGET_NAME = ColorPop;
			};
			name = Debug;
		};
		A1B539F22DB7E9F7002A2115 /* Release */ = {
			isa = XCBuildConfiguration;
			buildSettings = {
				CODE_SIGN_STYLE = Automatic;
				CURRENT_PROJECT_VERSION = 1;
				GENERATE_INFOPLIST_FILE = YES;
				MARKETING_VERSION = 1.0;
				PRODUCT_BUNDLE_IDENTIFIER = "App-Team.ColorPopUITests";
				PRODUCT_NAME = "$(TARGET_NAME)";
				SWIFT_EMIT_LOC_STRINGS = NO;
				SWIFT_VERSION = 5.0;
				TARGETED_DEVICE_FAMILY = "1,2";
				TEST_TARGET_NAME = ColorPop;
			};
			name = Release;
		};
/* End XCBuildConfiguration section */

/* Begin XCConfigurationList section */
		A1B539C42DB7E9F5002A2115 /* Build configuration list for PBXProject "ColorPop" */ = {
			isa = XCConfigurationList;
			buildConfigurations = (
				A1B539E82DB7E9F7002A2115 /* Debug */,
				A1B539E92DB7E9F7002A2115 /* Release */,
			);
			defaultConfigurationIsVisible = 0;
			defaultConfigurationName = Release;
		};
		A1B539EA2DB7E9F7002A2115 /* Build configuration list for PBXNativeTarget "ColorPop" */ = {
			isa = XCConfigurationList;
			buildConfigurations = (
				A1B539EB2DB7E9F7002A2115 /* Debug */,
				A1B539EC2DB7E9F7002A2115 /* Release */,
			);
			defaultConfigurationIsVisible = 0;
			defaultConfigurationName = Release;
		};
		A1B539ED2DB7E9F7002A2115 /* Build configuration list for PBXNativeTarget "ColorPopTests" */ = {
			isa = XCConfigurationList;
			buildConfigurations = (
				A1B539EE2DB7E9F7002A2115 /* Debug */,
				A1B539EF2DB7E9F7002A2115 /* Release */,
			);
			defaultConfigurationIsVisible = 0;
			defaultConfigurationName = Release;
		};
		A1B539F02DB7E9F7002A2115 /* Build configuration list for PBXNativeTarget "ColorPopUITests" */ = {
			isa = XCConfigurationList;
			buildConfigurations = (
				A1B539F12DB7E9F7002A2115 /* Debug */,
				A1B539F22DB7E9F7002A2115 /* Release */,
			);
			defaultConfigurationIsVisible = 0;
			defaultConfigurationName = Release;
		};
/* End XCConfigurationList section */
	};
	rootObject = A1B539C12DB7E9F5002A2115 /* Project object */;
}
